// !$*UTF8*$!
{
	archiveVersion = 1;
	classes = {
	};
	objectVersion = 56;
	objects = {

/* Begin PBXBuildFile section */
		AFB1DB762C294FB8008A6A2D /* AppleJuiceApp.swift in Sources */ = {isa = PBXBuildFile; fileRef = AFB1DB752C294FB8008A6A2D /* AppleJuiceApp.swift */; };
		AFB1DB782C294FB8008A6A2D /* GoalHistoryView.swift in Sources */ = {isa = PBXBuildFile; fileRef = AFB1DB772C294FB8008A6A2D /* GoalHistoryView.swift */; };
		AFB1DB7A2C294FB9008A6A2D /* Assets.xcassets in Resources */ = {isa = PBXBuildFile; fileRef = AFB1DB792C294FB9008A6A2D /* Assets.xcassets */; };
		AFB1DB7D2C294FB9008A6A2D /* Preview Assets.xcassets in Resources */ = {isa = PBXBuildFile; fileRef = AFB1DB7C2C294FB9008A6A2D /* Preview Assets.xcassets */; };
		AFB1DB8A2C295987008A6A2D /* WatchAppleJuiceApp.swift in Sources */ = {isa = PBXBuildFile; fileRef = AFB1DB892C295987008A6A2D /* WatchAppleJuiceApp.swift */; };
		AFB1DB8C2C295987008A6A2D /* MainView.swift in Sources */ = {isa = PBXBuildFile; fileRef = AFB1DB8B2C295987008A6A2D /* MainView.swift */; };
		AFB1DB8E2C295988008A6A2D /* Assets.xcassets in Resources */ = {isa = PBXBuildFile; fileRef = AFB1DB8D2C295988008A6A2D /* Assets.xcassets */; };
		AFB1DB912C295988008A6A2D /* Preview Assets.xcassets in Resources */ = {isa = PBXBuildFile; fileRef = AFB1DB902C295988008A6A2D /* Preview Assets.xcassets */; };
		AFB1DB942C295988008A6A2D /* WatchAppleJuice Watch App.app in Embed Watch Content */ = {isa = PBXBuildFile; fileRef = AFB1DB872C295987008A6A2D /* WatchAppleJuice Watch App.app */; settings = {ATTRIBUTES = (RemoveHeadersOnCopy, ); }; };
		AFB1DBCA2C2EEA86008A6A2D /* Character.swift in Sources */ = {isa = PBXBuildFile; fileRef = AFB1DBC92C2EEA86008A6A2D /* Character.swift */; };
		AFB1DBCB2C2EEA86008A6A2D /* Character.swift in Sources */ = {isa = PBXBuildFile; fileRef = AFB1DBC92C2EEA86008A6A2D /* Character.swift */; };
/* End PBXBuildFile section */

/* Begin PBXContainerItemProxy section */
		AFB1DB922C295988008A6A2D /* PBXContainerItemProxy */ = {
			isa = PBXContainerItemProxy;
			containerPortal = AFB1DB6A2C294FB8008A6A2D /* Project object */;
			proxyType = 1;
			remoteGlobalIDString = AFB1DB862C295987008A6A2D;
			remoteInfo = "WatchAppleJuice Watch App";
		};
/* End PBXContainerItemProxy section */

/* Begin PBXCopyFilesBuildPhase section */
		AFB1DB982C295988008A6A2D /* Embed Watch Content */ = {
			isa = PBXCopyFilesBuildPhase;
			buildActionMask = 2147483647;
			dstPath = "$(CONTENTS_FOLDER_PATH)/Watch";
			dstSubfolderSpec = 16;
			files = (
				AFB1DB942C295988008A6A2D /* WatchAppleJuice Watch App.app in Embed Watch Content */,
			);
			name = "Embed Watch Content";
			runOnlyForDeploymentPostprocessing = 0;
		};
/* End PBXCopyFilesBuildPhase section */

/* Begin PBXFileReference section */
		AFB1DB722C294FB8008A6A2D /* AppleJuice.app */ = {isa = PBXFileReference; explicitFileType = wrapper.application; includeInIndex = 0; path = AppleJuice.app; sourceTree = BUILT_PRODUCTS_DIR; };
		AFB1DB752C294FB8008A6A2D /* AppleJuiceApp.swift */ = {isa = PBXFileReference; lastKnownFileType = sourcecode.swift; path = AppleJuiceApp.swift; sourceTree = "<group>"; };
		AFB1DB772C294FB8008A6A2D /* GoalHistoryView.swift */ = {isa = PBXFileReference; lastKnownFileType = sourcecode.swift; path = GoalHistoryView.swift; sourceTree = "<group>"; };
		AFB1DB792C294FB9008A6A2D /* Assets.xcassets */ = {isa = PBXFileReference; lastKnownFileType = folder.assetcatalog; path = Assets.xcassets; sourceTree = "<group>"; };
		AFB1DB7C2C294FB9008A6A2D /* Preview Assets.xcassets */ = {isa = PBXFileReference; lastKnownFileType = folder.assetcatalog; path = "Preview Assets.xcassets"; sourceTree = "<group>"; };
		AFB1DB872C295987008A6A2D /* WatchAppleJuice Watch App.app */ = {isa = PBXFileReference; explicitFileType = wrapper.application; includeInIndex = 0; path = "WatchAppleJuice Watch App.app"; sourceTree = BUILT_PRODUCTS_DIR; };
		AFB1DB892C295987008A6A2D /* WatchAppleJuiceApp.swift */ = {isa = PBXFileReference; lastKnownFileType = sourcecode.swift; path = WatchAppleJuiceApp.swift; sourceTree = "<group>"; };
		AFB1DB8B2C295987008A6A2D /* MainView.swift */ = {isa = PBXFileReference; lastKnownFileType = sourcecode.swift; path = MainView.swift; sourceTree = "<group>"; };
		AFB1DB8D2C295988008A6A2D /* Assets.xcassets */ = {isa = PBXFileReference; lastKnownFileType = folder.assetcatalog; path = Assets.xcassets; sourceTree = "<group>"; };
		AFB1DB902C295988008A6A2D /* Preview Assets.xcassets */ = {isa = PBXFileReference; lastKnownFileType = folder.assetcatalog; path = "Preview Assets.xcassets"; sourceTree = "<group>"; };
		AFB1DBC92C2EEA86008A6A2D /* Character.swift */ = {isa = PBXFileReference; lastKnownFileType = sourcecode.swift; path = Character.swift; sourceTree = "<group>"; };
/* End PBXFileReference section */

/* Begin PBXFrameworksBuildPhase section */
		AFB1DB6F2C294FB8008A6A2D /* Frameworks */ = {
			isa = PBXFrameworksBuildPhase;
			buildActionMask = 2147483647;
			files = (
			);
			runOnlyForDeploymentPostprocessing = 0;
		};
		AFB1DB842C295987008A6A2D /* Frameworks */ = {
			isa = PBXFrameworksBuildPhase;
			buildActionMask = 2147483647;
			files = (
			);
			runOnlyForDeploymentPostprocessing = 0;
		};
/* End PBXFrameworksBuildPhase section */

/* Begin PBXGroup section */
		AFB1DB692C294FB8008A6A2D = {
			isa = PBXGroup;
			children = (
				AFB1DB742C294FB8008A6A2D /* AppleJuice */,
				AFB1DB882C295987008A6A2D /* WatchAppleJuice Watch App */,
				AFB1DB732C294FB8008A6A2D /* Products */,
			);
			sourceTree = "<group>";
		};
		AFB1DB732C294FB8008A6A2D /* Products */ = {
			isa = PBXGroup;
			children = (
				AFB1DB722C294FB8008A6A2D /* AppleJuice.app */,
				AFB1DB872C295987008A6A2D /* WatchAppleJuice Watch App.app */,
			);
			name = Products;
			sourceTree = "<group>";
		};
		AFB1DB742C294FB8008A6A2D /* AppleJuice */ = {
			isa = PBXGroup;
			children = (
				AFB1DBC82C2EE5F1008A6A2D /* Manager */,
				AFB1DBC72C2EE55F008A6A2D /* View */,
				AFB1DBC62C2EE554008A6A2D /* ViewModel */,
				AFB1DBC52C2EE54B008A6A2D /* Model */,
				AFB1DB752C294FB8008A6A2D /* AppleJuiceApp.swift */,
				AFB1DB772C294FB8008A6A2D /* GoalHistoryView.swift */,
				AFB1DB792C294FB9008A6A2D /* Assets.xcassets */,
				AFB1DB7B2C294FB9008A6A2D /* Preview Content */,
			);
			path = AppleJuice;
			sourceTree = "<group>";
		};
		AFB1DB7B2C294FB9008A6A2D /* Preview Content */ = {
			isa = PBXGroup;
			children = (
				AFB1DB7C2C294FB9008A6A2D /* Preview Assets.xcassets */,
			);
			path = "Preview Content";
			sourceTree = "<group>";
		};
		AFB1DB882C295987008A6A2D /* WatchAppleJuice Watch App */ = {
			isa = PBXGroup;
			children = (
				AFB1DB892C295987008A6A2D /* WatchAppleJuiceApp.swift */,
				AFB1DB8B2C295987008A6A2D /* MainView.swift */,
				AFB1DB8D2C295988008A6A2D /* Assets.xcassets */,
				AFB1DB8F2C295988008A6A2D /* Preview Content */,
			);
			path = "WatchAppleJuice Watch App";
			sourceTree = "<group>";
		};
		AFB1DB8F2C295988008A6A2D /* Preview Content */ = {
			isa = PBXGroup;
			children = (
				AFB1DB902C295988008A6A2D /* Preview Assets.xcassets */,
			);
			path = "Preview Content";
			sourceTree = "<group>";
		};
		AFB1DBC52C2EE54B008A6A2D /* Model */ = {
			isa = PBXGroup;
			children = (
				AFB1DBC92C2EEA86008A6A2D /* Character.swift */,
			);
			path = Model;
			sourceTree = "<group>";
		};
		AFB1DBC62C2EE554008A6A2D /* ViewModel */ = {
			isa = PBXGroup;
			children = (
			);
			path = ViewModel;
			sourceTree = "<group>";
		};
		AFB1DBC72C2EE55F008A6A2D /* View */ = {
			isa = PBXGroup;
			children = (
			);
			path = View;
			sourceTree = "<group>";
		};
		AFB1DBC82C2EE5F1008A6A2D /* Manager */ = {
			isa = PBXGroup;
			children = (
			);
			path = Manager;
			sourceTree = "<group>";
		};
/* End PBXGroup section */

/* Begin PBXNativeTarget section */
		AFB1DB712C294FB8008A6A2D /* AppleJuice */ = {
			isa = PBXNativeTarget;
			buildConfigurationList = AFB1DB802C294FB9008A6A2D /* Build configuration list for PBXNativeTarget "AppleJuice" */;
			buildPhases = (
				AFB1DB6E2C294FB8008A6A2D /* Sources */,
				AFB1DB6F2C294FB8008A6A2D /* Frameworks */,
				AFB1DB702C294FB8008A6A2D /* Resources */,
				AFB1DB982C295988008A6A2D /* Embed Watch Content */,
			);
			buildRules = (
			);
			dependencies = (
				AFB1DB932C295988008A6A2D /* PBXTargetDependency */,
			);
			name = AppleJuice;
			productName = AppleJuice;
			productReference = AFB1DB722C294FB8008A6A2D /* AppleJuice.app */;
			productType = "com.apple.product-type.application";
		};
		AFB1DB862C295987008A6A2D /* WatchAppleJuice Watch App */ = {
			isa = PBXNativeTarget;
			buildConfigurationList = AFB1DB952C295988008A6A2D /* Build configuration list for PBXNativeTarget "WatchAppleJuice Watch App" */;
			buildPhases = (
				AFB1DB832C295987008A6A2D /* Sources */,
				AFB1DB842C295987008A6A2D /* Frameworks */,
				AFB1DB852C295987008A6A2D /* Resources */,
			);
			buildRules = (
			);
			dependencies = (
			);
			name = "WatchAppleJuice Watch App";
			productName = "WatchAppleJuice Watch App";
			productReference = AFB1DB872C295987008A6A2D /* WatchAppleJuice Watch App.app */;
			productType = "com.apple.product-type.application";
		};
/* End PBXNativeTarget section */

/* Begin PBXProject section */
		AFB1DB6A2C294FB8008A6A2D /* Project object */ = {
			isa = PBXProject;
			attributes = {
				BuildIndependentTargetsInParallel = 1;
				LastSwiftUpdateCheck = 1540;
				LastUpgradeCheck = 1540;
				TargetAttributes = {
					AFB1DB712C294FB8008A6A2D = {
						CreatedOnToolsVersion = 15.4;
					};
					AFB1DB862C295987008A6A2D = {
						CreatedOnToolsVersion = 15.4;
					};
				};
			};
			buildConfigurationList = AFB1DB6D2C294FB8008A6A2D /* Build configuration list for PBXProject "AppleJuice" */;
			compatibilityVersion = "Xcode 14.0";
			developmentRegion = en;
			hasScannedForEncodings = 0;
			knownRegions = (
				en,
				Base,
			);
			mainGroup = AFB1DB692C294FB8008A6A2D;
			productRefGroup = AFB1DB732C294FB8008A6A2D /* Products */;
			projectDirPath = "";
			projectRoot = "";
			targets = (
				AFB1DB712C294FB8008A6A2D /* AppleJuice */,
				AFB1DB862C295987008A6A2D /* WatchAppleJuice Watch App */,
			);
		};
/* End PBXProject section */

/* Begin PBXResourcesBuildPhase section */
		AFB1DB702C294FB8008A6A2D /* Resources */ = {
			isa = PBXResourcesBuildPhase;
			buildActionMask = 2147483647;
			files = (
				AFB1DB7D2C294FB9008A6A2D /* Preview Assets.xcassets in Resources */,
				AFB1DB7A2C294FB9008A6A2D /* Assets.xcassets in Resources */,
			);
			runOnlyForDeploymentPostprocessing = 0;
		};
		AFB1DB852C295987008A6A2D /* Resources */ = {
			isa = PBXResourcesBuildPhase;
			buildActionMask = 2147483647;
			files = (
				AFB1DB912C295988008A6A2D /* Preview Assets.xcassets in Resources */,
				AFB1DB8E2C295988008A6A2D /* Assets.xcassets in Resources */,
			);
			runOnlyForDeploymentPostprocessing = 0;
		};
/* End PBXResourcesBuildPhase section */

/* Begin PBXSourcesBuildPhase section */
		AFB1DB6E2C294FB8008A6A2D /* Sources */ = {
			isa = PBXSourcesBuildPhase;
			buildActionMask = 2147483647;
			files = (
				AFB1DBCA2C2EEA86008A6A2D /* Character.swift in Sources */,
				AFB1DB782C294FB8008A6A2D /* GoalHistoryView.swift in Sources */,
				AFB1DB762C294FB8008A6A2D /* AppleJuiceApp.swift in Sources */,
			);
			runOnlyForDeploymentPostprocessing = 0;
		};
		AFB1DB832C295987008A6A2D /* Sources */ = {
			isa = PBXSourcesBuildPhase;
			buildActionMask = 2147483647;
			files = (
				AFB1DBCB2C2EEA86008A6A2D /* Character.swift in Sources */,
				AFB1DB8C2C295987008A6A2D /* MainView.swift in Sources */,
				AFB1DB8A2C295987008A6A2D /* WatchAppleJuiceApp.swift in Sources */,
			);
			runOnlyForDeploymentPostprocessing = 0;
		};
/* End PBXSourcesBuildPhase section */

/* Begin PBXTargetDependency section */
		AFB1DB932C295988008A6A2D /* PBXTargetDependency */ = {
			isa = PBXTargetDependency;
			target = AFB1DB862C295987008A6A2D /* WatchAppleJuice Watch App */;
			targetProxy = AFB1DB922C295988008A6A2D /* PBXContainerItemProxy */;
		};
/* End PBXTargetDependency section */

/* Begin XCBuildConfiguration section */
		AFB1DB7E2C294FB9008A6A2D /* Debug */ = {
			isa = XCBuildConfiguration;
			buildSettings = {
				ALWAYS_SEARCH_USER_PATHS = NO;
				ASSETCATALOG_COMPILER_GENERATE_SWIFT_ASSET_SYMBOL_EXTENSIONS = YES;
				CLANG_ANALYZER_NONNULL = YES;
				CLANG_ANALYZER_NUMBER_OBJECT_CONVERSION = YES_AGGRESSIVE;
				CLANG_CXX_LANGUAGE_STANDARD = "gnu++20";
				CLANG_ENABLE_MODULES = YES;
				CLANG_ENABLE_OBJC_ARC = YES;
				CLANG_ENABLE_OBJC_WEAK = YES;
				CLANG_WARN_BLOCK_CAPTURE_AUTORELEASING = YES;
				CLANG_WARN_BOOL_CONVERSION = YES;
				CLANG_WARN_COMMA = YES;
				CLANG_WARN_CONSTANT_CONVERSION = YES;
				CLANG_WARN_DEPRECATED_OBJC_IMPLEMENTATIONS = YES;
				CLANG_WARN_DIRECT_OBJC_ISA_USAGE = YES_ERROR;
				CLANG_WARN_DOCUMENTATION_COMMENTS = YES;
				CLANG_WARN_EMPTY_BODY = YES;
				CLANG_WARN_ENUM_CONVERSION = YES;
				CLANG_WARN_INFINITE_RECURSION = YES;
				CLANG_WARN_INT_CONVERSION = YES;
				CLANG_WARN_NON_LITERAL_NULL_CONVERSION = YES;
				CLANG_WARN_OBJC_IMPLICIT_RETAIN_SELF = YES;
				CLANG_WARN_OBJC_LITERAL_CONVERSION = YES;
				CLANG_WARN_OBJC_ROOT_CLASS = YES_ERROR;
				CLANG_WARN_QUOTED_INCLUDE_IN_FRAMEWORK_HEADER = YES;
				CLANG_WARN_RANGE_LOOP_ANALYSIS = YES;
				CLANG_WARN_STRICT_PROTOTYPES = YES;
				CLANG_WARN_SUSPICIOUS_MOVE = YES;
				CLANG_WARN_UNGUARDED_AVAILABILITY = YES_AGGRESSIVE;
				CLANG_WARN_UNREACHABLE_CODE = YES;
				CLANG_WARN__DUPLICATE_METHOD_MATCH = YES;
				COPY_PHASE_STRIP = NO;
				DEBUG_INFORMATION_FORMAT = dwarf;
				ENABLE_STRICT_OBJC_MSGSEND = YES;
				ENABLE_TESTABILITY = YES;
				ENABLE_USER_SCRIPT_SANDBOXING = YES;
				GCC_C_LANGUAGE_STANDARD = gnu17;
				GCC_DYNAMIC_NO_PIC = NO;
				GCC_NO_COMMON_BLOCKS = YES;
				GCC_OPTIMIZATION_LEVEL = 0;
				GCC_PREPROCESSOR_DEFINITIONS = (
					"DEBUG=1",
					"$(inherited)",
				);
				GCC_WARN_64_TO_32_BIT_CONVERSION = YES;
				GCC_WARN_ABOUT_RETURN_TYPE = YES_ERROR;
				GCC_WARN_UNDECLARED_SELECTOR = YES;
				GCC_WARN_UNINITIALIZED_AUTOS = YES_AGGRESSIVE;
				GCC_WARN_UNUSED_FUNCTION = YES;
				GCC_WARN_UNUSED_VARIABLE = YES;
				IPHONEOS_DEPLOYMENT_TARGET = 17.5;
				LOCALIZATION_PREFERS_STRING_CATALOGS = YES;
				MTL_ENABLE_DEBUG_INFO = INCLUDE_SOURCE;
				MTL_FAST_MATH = YES;
				ONLY_ACTIVE_ARCH = YES;
				SDKROOT = iphoneos;
				SWIFT_ACTIVE_COMPILATION_CONDITIONS = "DEBUG $(inherited)";
				SWIFT_OPTIMIZATION_LEVEL = "-Onone";
			};
			name = Debug;
		};
		AFB1DB7F2C294FB9008A6A2D /* Release */ = {
			isa = XCBuildConfiguration;
			buildSettings = {
				ALWAYS_SEARCH_USER_PATHS = NO;
				ASSETCATALOG_COMPILER_GENERATE_SWIFT_ASSET_SYMBOL_EXTENSIONS = YES;
				CLANG_ANALYZER_NONNULL = YES;
				CLANG_ANALYZER_NUMBER_OBJECT_CONVERSION = YES_AGGRESSIVE;
				CLANG_CXX_LANGUAGE_STANDARD = "gnu++20";
				CLANG_ENABLE_MODULES = YES;
				CLANG_ENABLE_OBJC_ARC = YES;
				CLANG_ENABLE_OBJC_WEAK = YES;
				CLANG_WARN_BLOCK_CAPTURE_AUTORELEASING = YES;
				CLANG_WARN_BOOL_CONVERSION = YES;
				CLANG_WARN_COMMA = YES;
				CLANG_WARN_CONSTANT_CONVERSION = YES;
				CLANG_WARN_DEPRECATED_OBJC_IMPLEMENTATIONS = YES;
				CLANG_WARN_DIRECT_OBJC_ISA_USAGE = YES_ERROR;
				CLANG_WARN_DOCUMENTATION_COMMENTS = YES;
				CLANG_WARN_EMPTY_BODY = YES;
				CLANG_WARN_ENUM_CONVERSION = YES;
				CLANG_WARN_INFINITE_RECURSION = YES;
				CLANG_WARN_INT_CONVERSION = YES;
				CLANG_WARN_NON_LITERAL_NULL_CONVERSION = YES;
				CLANG_WARN_OBJC_IMPLICIT_RETAIN_SELF = YES;
				CLANG_WARN_OBJC_LITERAL_CONVERSION = YES;
				CLANG_WARN_OBJC_ROOT_CLASS = YES_ERROR;
				CLANG_WARN_QUOTED_INCLUDE_IN_FRAMEWORK_HEADER = YES;
				CLANG_WARN_RANGE_LOOP_ANALYSIS = YES;
				CLANG_WARN_STRICT_PROTOTYPES = YES;
				CLANG_WARN_SUSPICIOUS_MOVE = YES;
				CLANG_WARN_UNGUARDED_AVAILABILITY = YES_AGGRESSIVE;
				CLANG_WARN_UNREACHABLE_CODE = YES;
				CLANG_WARN__DUPLICATE_METHOD_MATCH = YES;
				COPY_PHASE_STRIP = NO;
				DEBUG_INFORMATION_FORMAT = "dwarf-with-dsym";
				ENABLE_NS_ASSERTIONS = NO;
				ENABLE_STRICT_OBJC_MSGSEND = YES;
				ENABLE_USER_SCRIPT_SANDBOXING = YES;
				GCC_C_LANGUAGE_STANDARD = gnu17;
				GCC_NO_COMMON_BLOCKS = YES;
				GCC_WARN_64_TO_32_BIT_CONVERSION = YES;
				GCC_WARN_ABOUT_RETURN_TYPE = YES_ERROR;
				GCC_WARN_UNDECLARED_SELECTOR = YES;
				GCC_WARN_UNINITIALIZED_AUTOS = YES_AGGRESSIVE;
				GCC_WARN_UNUSED_FUNCTION = YES;
				GCC_WARN_UNUSED_VARIABLE = YES;
				IPHONEOS_DEPLOYMENT_TARGET = 17.5;
				LOCALIZATION_PREFERS_STRING_CATALOGS = YES;
				MTL_ENABLE_DEBUG_INFO = NO;
				MTL_FAST_MATH = YES;
				SDKROOT = iphoneos;
				SWIFT_COMPILATION_MODE = wholemodule;
				VALIDATE_PRODUCT = YES;
			};
			name = Release;
		};
		AFB1DB812C294FB9008A6A2D /* Debug */ = {
			isa = XCBuildConfiguration;
			buildSettings = {
				ALWAYS_EMBED_SWIFT_STANDARD_LIBRARIES = YES;
				ASSETCATALOG_COMPILER_APPICON_NAME = AppIcon;
				ASSETCATALOG_COMPILER_GLOBAL_ACCENT_COLOR_NAME = AccentColor;
				CODE_SIGN_STYLE = Automatic;
				CURRENT_PROJECT_VERSION = 1;
				DEVELOPMENT_ASSET_PATHS = "\"AppleJuice/Preview Content\"";
				DEVELOPMENT_TEAM = ZWTS2P7AH7;
				ENABLE_PREVIEWS = YES;
				GENERATE_INFOPLIST_FILE = YES;
				INFOPLIST_KEY_UIApplicationSceneManifest_Generation = YES;
				INFOPLIST_KEY_UIApplicationSupportsIndirectInputEvents = YES;
				INFOPLIST_KEY_UILaunchScreen_Generation = YES;
				INFOPLIST_KEY_UISupportedInterfaceOrientations = UIInterfaceOrientationPortrait;
				INFOPLIST_KEY_UISupportedInterfaceOrientations_iPad = "UIInterfaceOrientationLandscapeLeft UIInterfaceOrientationLandscapeRight UIInterfaceOrientationPortrait UIInterfaceOrientationPortraitUpsideDown";
				LD_RUNPATH_SEARCH_PATHS = (
					"$(inherited)",
					"@executable_path/Frameworks",
				);
				MARKETING_VERSION = 1.0;
				PRODUCT_BUNDLE_IDENTIFIER = OneMoreThink.AppleJuice;
				PRODUCT_NAME = "$(TARGET_NAME)";
				SUPPORTED_PLATFORMS = "iphoneos iphonesimulator";
				SUPPORTS_MACCATALYST = NO;
				SUPPORTS_MAC_DESIGNED_FOR_IPHONE_IPAD = NO;
				SUPPORTS_XR_DESIGNED_FOR_IPHONE_IPAD = NO;
				SWIFT_EMIT_LOC_STRINGS = YES;
				SWIFT_VERSION = 5.0;
				TARGETED_DEVICE_FAMILY = 1;
			};
			name = Debug;
		};
		AFB1DB822C294FB9008A6A2D /* Release */ = {
			isa = XCBuildConfiguration;
			buildSettings = {
				ALWAYS_EMBED_SWIFT_STANDARD_LIBRARIES = YES;
				ASSETCATALOG_COMPILER_APPICON_NAME = AppIcon;
				ASSETCATALOG_COMPILER_GLOBAL_ACCENT_COLOR_NAME = AccentColor;
				CODE_SIGN_STYLE = Automatic;
				CURRENT_PROJECT_VERSION = 1;
				DEVELOPMENT_ASSET_PATHS = "\"AppleJuice/Preview Content\"";
				DEVELOPMENT_TEAM = ZWTS2P7AH7;
				ENABLE_PREVIEWS = YES;
				GENERATE_INFOPLIST_FILE = YES;
				INFOPLIST_KEY_UIApplicationSceneManifest_Generation = YES;
				INFOPLIST_KEY_UIApplicationSupportsIndirectInputEvents = YES;
				INFOPLIST_KEY_UILaunchScreen_Generation = YES;
				INFOPLIST_KEY_UISupportedInterfaceOrientations = UIInterfaceOrientationPortrait;
				INFOPLIST_KEY_UISupportedInterfaceOrientations_iPad = "UIInterfaceOrientationLandscapeLeft UIInterfaceOrientationLandscapeRight UIInterfaceOrientationPortrait UIInterfaceOrientationPortraitUpsideDown";
				LD_RUNPATH_SEARCH_PATHS = (
					"$(inherited)",
					"@executable_path/Frameworks",
				);
				MARKETING_VERSION = 1.0;
				PRODUCT_BUNDLE_IDENTIFIER = OneMoreThink.AppleJuice;
				PRODUCT_NAME = "$(TARGET_NAME)";
				SUPPORTED_PLATFORMS = "iphoneos iphonesimulator";
				SUPPORTS_MACCATALYST = NO;
				SUPPORTS_MAC_DESIGNED_FOR_IPHONE_IPAD = NO;
				SUPPORTS_XR_DESIGNED_FOR_IPHONE_IPAD = NO;
				SWIFT_EMIT_LOC_STRINGS = YES;
				SWIFT_VERSION = 5.0;
				TARGETED_DEVICE_FAMILY = 1;
			};
			name = Release;
		};
		AFB1DB962C295988008A6A2D /* Debug */ = {
			isa = XCBuildConfiguration;
			buildSettings = {
				ASSETCATALOG_COMPILER_APPICON_NAME = AppIcon;
				ASSETCATALOG_COMPILER_GLOBAL_ACCENT_COLOR_NAME = AccentColor;
				CODE_SIGN_STYLE = Automatic;
				CURRENT_PROJECT_VERSION = 1;
				DEVELOPMENT_ASSET_PATHS = "\"WatchAppleJuice Watch App/Preview Content\"";
				DEVELOPMENT_TEAM = ZWTS2P7AH7;
				ENABLE_PREVIEWS = YES;
				GENERATE_INFOPLIST_FILE = YES;
				INFOPLIST_KEY_CFBundleDisplayName = WatchAppleJuice;
				INFOPLIST_KEY_UISupportedInterfaceOrientations = "UIInterfaceOrientationPortrait UIInterfaceOrientationPortraitUpsideDown";
				INFOPLIST_KEY_WKCompanionAppBundleIdentifier = OneMoreThink.AppleJuice;
				LD_RUNPATH_SEARCH_PATHS = (
					"$(inherited)",
					"@executable_path/Frameworks",
				);
				MARKETING_VERSION = 1.0;
				PRODUCT_BUNDLE_IDENTIFIER = OneMoreThink.AppleJuice.watchkitapp;
				PRODUCT_NAME = "$(TARGET_NAME)";
				SDKROOT = watchos;
				SKIP_INSTALL = YES;
				SWIFT_EMIT_LOC_STRINGS = YES;
				SWIFT_VERSION = 5.0;
				TARGETED_DEVICE_FAMILY = 4;
				WATCHOS_DEPLOYMENT_TARGET = 10.5;
			};
			name = Debug;
		};
		AFB1DB972C295988008A6A2D /* Release */ = {
			isa = XCBuildConfiguration;
			buildSettings = {
				ASSETCATALOG_COMPILER_APPICON_NAME = AppIcon;
				ASSETCATALOG_COMPILER_GLOBAL_ACCENT_COLOR_NAME = AccentColor;
				CODE_SIGN_STYLE = Automatic;
				CURRENT_PROJECT_VERSION = 1;
				DEVELOPMENT_ASSET_PATHS = "\"WatchAppleJuice Watch App/Preview Content\"";
				DEVELOPMENT_TEAM = ZWTS2P7AH7;
				ENABLE_PREVIEWS = YES;
				GENERATE_INFOPLIST_FILE = YES;
				INFOPLIST_KEY_CFBundleDisplayName = WatchAppleJuice;
				INFOPLIST_KEY_UISupportedInterfaceOrientations = "UIInterfaceOrientationPortrait UIInterfaceOrientationPortraitUpsideDown";
				INFOPLIST_KEY_WKCompanionAppBundleIdentifier = OneMoreThink.AppleJuice;
				LD_RUNPATH_SEARCH_PATHS = (
					"$(inherited)",
					"@executable_path/Frameworks",
				);
				MARKETING_VERSION = 1.0;
				PRODUCT_BUNDLE_IDENTIFIER = OneMoreThink.AppleJuice.watchkitapp;
				PRODUCT_NAME = "$(TARGET_NAME)";
				SDKROOT = watchos;
				SKIP_INSTALL = YES;
				SWIFT_EMIT_LOC_STRINGS = YES;
				SWIFT_VERSION = 5.0;
				TARGETED_DEVICE_FAMILY = 4;
				WATCHOS_DEPLOYMENT_TARGET = 10.5;
			};
			name = Release;
		};
/* End XCBuildConfiguration section */

/* Begin XCConfigurationList section */
		AFB1DB6D2C294FB8008A6A2D /* Build configuration list for PBXProject "AppleJuice" */ = {
			isa = XCConfigurationList;
			buildConfigurations = (
				AFB1DB7E2C294FB9008A6A2D /* Debug */,
				AFB1DB7F2C294FB9008A6A2D /* Release */,
			);
			defaultConfigurationIsVisible = 0;
			defaultConfigurationName = Release;
		};
		AFB1DB802C294FB9008A6A2D /* Build configuration list for PBXNativeTarget "AppleJuice" */ = {
			isa = XCConfigurationList;
			buildConfigurations = (
				AFB1DB812C294FB9008A6A2D /* Debug */,
				AFB1DB822C294FB9008A6A2D /* Release */,
			);
			defaultConfigurationIsVisible = 0;
			defaultConfigurationName = Release;
		};
		AFB1DB952C295988008A6A2D /* Build configuration list for PBXNativeTarget "WatchAppleJuice Watch App" */ = {
			isa = XCConfigurationList;
			buildConfigurations = (
				AFB1DB962C295988008A6A2D /* Debug */,
				AFB1DB972C295988008A6A2D /* Release */,
			);
			defaultConfigurationIsVisible = 0;
			defaultConfigurationName = Release;
		};
/* End XCConfigurationList section */
	};
	rootObject = AFB1DB6A2C294FB8008A6A2D /* Project object */;
}
