// !$*UTF8*$!
{
	archiveVersion = 1;
	classes = {
	};
	objectVersion = 56;
	objects = {

/* Begin PBXBuildFile section */
		AF72152F2C44CE80007763C6 /* WatchConnectivity.framework in Frameworks */ = {isa = PBXBuildFile; fileRef = AF72152E2C44CE80007763C6 /* WatchConnectivity.framework */; };
		AF7215312C44CE89007763C6 /* WatchConnectivity.framework in Frameworks */ = {isa = PBXBuildFile; fileRef = AF7215302C44CE89007763C6 /* WatchConnectivity.framework */; };
		AF7215332C44CF09007763C6 /* ConnectivityProvider.swift in Sources */ = {isa = PBXBuildFile; fileRef = AF7215322C44CF09007763C6 /* ConnectivityProvider.swift */; };
		AF7215352C44D022007763C6 /* ConnectivityProvider.swift in Sources */ = {isa = PBXBuildFile; fileRef = AF7215342C44D022007763C6 /* ConnectivityProvider.swift */; };
		AF7215372C44D433007763C6 /* AppDelegate.swift in Sources */ = {isa = PBXBuildFile; fileRef = AF7215362C44D433007763C6 /* AppDelegate.swift */; };
		AFB1DB762C294FB8008A6A2D /* AppleJuiceApp.swift in Sources */ = {isa = PBXBuildFile; fileRef = AFB1DB752C294FB8008A6A2D /* AppleJuiceApp.swift */; };
		AFB1DB782C294FB8008A6A2D /* GoalHistoryView.swift in Sources */ = {isa = PBXBuildFile; fileRef = AFB1DB772C294FB8008A6A2D /* GoalHistoryView.swift */; };
		AFB1DB7A2C294FB9008A6A2D /* Assets.xcassets in Resources */ = {isa = PBXBuildFile; fileRef = AFB1DB792C294FB9008A6A2D /* Assets.xcassets */; };
		AFB1DB7D2C294FB9008A6A2D /* Preview Assets.xcassets in Resources */ = {isa = PBXBuildFile; fileRef = AFB1DB7C2C294FB9008A6A2D /* Preview Assets.xcassets */; };
		AFB1DB8A2C295987008A6A2D /* WatchAppleJuiceApp.swift in Sources */ = {isa = PBXBuildFile; fileRef = AFB1DB892C295987008A6A2D /* WatchAppleJuiceApp.swift */; };
		AFB1DB8C2C295987008A6A2D /* MainView.swift in Sources */ = {isa = PBXBuildFile; fileRef = AFB1DB8B2C295987008A6A2D /* MainView.swift */; };
		AFB1DB8E2C295988008A6A2D /* Assets.xcassets in Resources */ = {isa = PBXBuildFile; fileRef = AFB1DB8D2C295988008A6A2D /* Assets.xcassets */; };
		AFB1DB912C295988008A6A2D /* Preview Assets.xcassets in Resources */ = {isa = PBXBuildFile; fileRef = AFB1DB902C295988008A6A2D /* Preview Assets.xcassets */; };
		AFB1DB942C295988008A6A2D /* WatchAppleJuice Watch App.app in Embed Watch Content */ = {isa = PBXBuildFile; fileRef = AFB1DB872C295987008A6A2D /* WatchAppleJuice Watch App.app */; settings = {ATTRIBUTES = (RemoveHeadersOnCopy, ); }; };
		AFB1DBD32C2EF44C008A6A2D /* DailyStatus.swift in Sources */ = {isa = PBXBuildFile; fileRef = AFB1DBD22C2EF44C008A6A2D /* DailyStatus.swift */; };
		AFB1DBD42C2EF44C008A6A2D /* DailyStatus.swift in Sources */ = {isa = PBXBuildFile; fileRef = AFB1DBD22C2EF44C008A6A2D /* DailyStatus.swift */; };
		AFB1DBD62C2EF810008A6A2D /* StepsManager.swift in Sources */ = {isa = PBXBuildFile; fileRef = AFB1DBD52C2EF810008A6A2D /* StepsManager.swift */; };
		AFB1DBD72C2EF810008A6A2D /* StepsManager.swift in Sources */ = {isa = PBXBuildFile; fileRef = AFB1DBD52C2EF810008A6A2D /* StepsManager.swift */; };
		AFB1DBDB2C2F0332008A6A2D /* InteractionView.swift in Sources */ = {isa = PBXBuildFile; fileRef = AFB1DBDA2C2F0332008A6A2D /* InteractionView.swift */; };
		AFB1DBE02C2F03A6008A6A2D /* InteractionType.swift in Sources */ = {isa = PBXBuildFile; fileRef = AFB1DBDF2C2F03A6008A6A2D /* InteractionType.swift */; };
		AFB1DBEB2C2FAB24008A6A2D /* InteractionViewModel.swift in Sources */ = {isa = PBXBuildFile; fileRef = AFB1DBEA2C2FAB24008A6A2D /* InteractionViewModel.swift */; };
		AFB1DBED2C2FDAFC008A6A2D /* MainViewModel.swift in Sources */ = {isa = PBXBuildFile; fileRef = AFB1DBEC2C2FDAFC008A6A2D /* MainViewModel.swift */; };
		AFB1DBF12C2FDEE2008A6A2D /* AppleJuice.xcdatamodeld in Sources */ = {isa = PBXBuildFile; fileRef = AFB1DBEF2C2FDEE1008A6A2D /* AppleJuice.xcdatamodeld */; };
		AFB1DBF22C2FDEE2008A6A2D /* AppleJuice.xcdatamodeld in Sources */ = {isa = PBXBuildFile; fileRef = AFB1DBEF2C2FDEE1008A6A2D /* AppleJuice.xcdatamodeld */; };
		AFB1DBF42C2FE019008A6A2D /* PersistentController.swift in Sources */ = {isa = PBXBuildFile; fileRef = AFB1DBF32C2FE019008A6A2D /* PersistentController.swift */; };
		AFB1DBF72C2FE0B3008A6A2D /* CoreDataManager.swift in Sources */ = {isa = PBXBuildFile; fileRef = AFB1DBF62C2FE0B3008A6A2D /* CoreDataManager.swift */; };
		AFB1DBFD2C2FE876008A6A2D /* GoalHistoryViewModel.swift in Sources */ = {isa = PBXBuildFile; fileRef = AFB1DBFC2C2FE876008A6A2D /* GoalHistoryViewModel.swift */; };
		AFB1DC2B2C32E6AD008A6A2D /* DailyStatusEntity+CoreDataClass.swift in Sources */ = {isa = PBXBuildFile; fileRef = AFB1DC292C32E6AD008A6A2D /* DailyStatusEntity+CoreDataClass.swift */; };
		AFB1DC2C2C32E6AD008A6A2D /* DailyStatusEntity+CoreDataProperties.swift in Sources */ = {isa = PBXBuildFile; fileRef = AFB1DC2A2C32E6AD008A6A2D /* DailyStatusEntity+CoreDataProperties.swift */; };
		AFB1DC2D2C32E6AD008A6A2D /* DailyStatusEntity+CoreDataClass.swift in Sources */ = {isa = PBXBuildFile; fileRef = AFB1DC292C32E6AD008A6A2D /* DailyStatusEntity+CoreDataClass.swift */; };
		AFB1DC2E2C32E6AD008A6A2D /* DailyStatusEntity+CoreDataProperties.swift in Sources */ = {isa = PBXBuildFile; fileRef = AFB1DC2A2C32E6AD008A6A2D /* DailyStatusEntity+CoreDataProperties.swift */; };
		EE3204522C567CDC009B9E3A /* WalkingLevel.swift in Sources */ = {isa = PBXBuildFile; fileRef = EE3204512C567CDC009B9E3A /* WalkingLevel.swift */; };
		EE3204542C5680C5009B9E3A /* BackgroundView.swift in Sources */ = {isa = PBXBuildFile; fileRef = EE3204532C5680C5009B9E3A /* BackgroundView.swift */; };
		EEEC6BC12C567799006E4246 /* Extensions.swift in Sources */ = {isa = PBXBuildFile; fileRef = EEEC6BC02C567799006E4246 /* Extensions.swift */; };
/* End PBXBuildFile section */

/* Begin PBXContainerItemProxy section */
		AFB1DB922C295988008A6A2D /* PBXContainerItemProxy */ = {
			isa = PBXContainerItemProxy;
			containerPortal = AFB1DB6A2C294FB8008A6A2D /* Project object */;
			proxyType = 1;
			remoteGlobalIDString = AFB1DB862C295987008A6A2D;
			remoteInfo = "WatchAppleJuice Watch App";
		};
/* End PBXContainerItemProxy section */

/* Begin PBXCopyFilesBuildPhase section */
		AFB1DB982C295988008A6A2D /* Embed Watch Content */ = {
			isa = PBXCopyFilesBuildPhase;
			buildActionMask = 2147483647;
			dstPath = "$(CONTENTS_FOLDER_PATH)/Watch";
			dstSubfolderSpec = 16;
			files = (
				AFB1DB942C295988008A6A2D /* WatchAppleJuice Watch App.app in Embed Watch Content */,
			);
			name = "Embed Watch Content";
			runOnlyForDeploymentPostprocessing = 0;
		};
/* End PBXCopyFilesBuildPhase section */

/* Begin PBXFileReference section */
		AF72152E2C44CE80007763C6 /* WatchConnectivity.framework */ = {isa = PBXFileReference; lastKnownFileType = wrapper.framework; name = WatchConnectivity.framework; path = Platforms/WatchOS.platform/Developer/SDKs/WatchOS10.5.sdk/System/Library/Frameworks/WatchConnectivity.framework; sourceTree = DEVELOPER_DIR; };
		AF7215302C44CE89007763C6 /* WatchConnectivity.framework */ = {isa = PBXFileReference; lastKnownFileType = wrapper.framework; name = WatchConnectivity.framework; path = System/Library/Frameworks/WatchConnectivity.framework; sourceTree = SDKROOT; };
		AF7215322C44CF09007763C6 /* ConnectivityProvider.swift */ = {isa = PBXFileReference; lastKnownFileType = sourcecode.swift; path = ConnectivityProvider.swift; sourceTree = "<group>"; };
		AF7215342C44D022007763C6 /* ConnectivityProvider.swift */ = {isa = PBXFileReference; lastKnownFileType = sourcecode.swift; path = ConnectivityProvider.swift; sourceTree = "<group>"; };
		AF7215362C44D433007763C6 /* AppDelegate.swift */ = {isa = PBXFileReference; lastKnownFileType = sourcecode.swift; path = AppDelegate.swift; sourceTree = "<group>"; };
		AFB1DB722C294FB8008A6A2D /* AppleJuice.app */ = {isa = PBXFileReference; explicitFileType = wrapper.application; includeInIndex = 0; path = AppleJuice.app; sourceTree = BUILT_PRODUCTS_DIR; };
		AFB1DB752C294FB8008A6A2D /* AppleJuiceApp.swift */ = {isa = PBXFileReference; lastKnownFileType = sourcecode.swift; path = AppleJuiceApp.swift; sourceTree = "<group>"; };
		AFB1DB772C294FB8008A6A2D /* GoalHistoryView.swift */ = {isa = PBXFileReference; lastKnownFileType = sourcecode.swift; path = GoalHistoryView.swift; sourceTree = "<group>"; };
		AFB1DB792C294FB9008A6A2D /* Assets.xcassets */ = {isa = PBXFileReference; lastKnownFileType = folder.assetcatalog; path = Assets.xcassets; sourceTree = "<group>"; };
		AFB1DB7C2C294FB9008A6A2D /* Preview Assets.xcassets */ = {isa = PBXFileReference; lastKnownFileType = folder.assetcatalog; path = "Preview Assets.xcassets"; sourceTree = "<group>"; };
		AFB1DB872C295987008A6A2D /* WatchAppleJuice Watch App.app */ = {isa = PBXFileReference; explicitFileType = wrapper.application; includeInIndex = 0; path = "WatchAppleJuice Watch App.app"; sourceTree = BUILT_PRODUCTS_DIR; };
		AFB1DB892C295987008A6A2D /* WatchAppleJuiceApp.swift */ = {isa = PBXFileReference; lastKnownFileType = sourcecode.swift; path = WatchAppleJuiceApp.swift; sourceTree = "<group>"; };
		AFB1DB8B2C295987008A6A2D /* MainView.swift */ = {isa = PBXFileReference; lastKnownFileType = sourcecode.swift; path = MainView.swift; sourceTree = "<group>"; };
		AFB1DB8D2C295988008A6A2D /* Assets.xcassets */ = {isa = PBXFileReference; lastKnownFileType = folder.assetcatalog; path = Assets.xcassets; sourceTree = "<group>"; };
		AFB1DB902C295988008A6A2D /* Preview Assets.xcassets */ = {isa = PBXFileReference; lastKnownFileType = folder.assetcatalog; path = "Preview Assets.xcassets"; sourceTree = "<group>"; };
		AFB1DBD22C2EF44C008A6A2D /* DailyStatus.swift */ = {isa = PBXFileReference; lastKnownFileType = sourcecode.swift; path = DailyStatus.swift; sourceTree = "<group>"; };
		AFB1DBD52C2EF810008A6A2D /* StepsManager.swift */ = {isa = PBXFileReference; lastKnownFileType = sourcecode.swift; path = StepsManager.swift; sourceTree = "<group>"; };
		AFB1DBDA2C2F0332008A6A2D /* InteractionView.swift */ = {isa = PBXFileReference; lastKnownFileType = sourcecode.swift; path = InteractionView.swift; sourceTree = "<group>"; };
		AFB1DBDF2C2F03A6008A6A2D /* InteractionType.swift */ = {isa = PBXFileReference; lastKnownFileType = sourcecode.swift; path = InteractionType.swift; sourceTree = "<group>"; };
		AFB1DBEA2C2FAB24008A6A2D /* InteractionViewModel.swift */ = {isa = PBXFileReference; lastKnownFileType = sourcecode.swift; path = InteractionViewModel.swift; sourceTree = "<group>"; };
		AFB1DBEC2C2FDAFC008A6A2D /* MainViewModel.swift */ = {isa = PBXFileReference; lastKnownFileType = sourcecode.swift; path = MainViewModel.swift; sourceTree = "<group>"; };
		AFB1DBF02C2FDEE1008A6A2D /* AppleJuice.xcdatamodel */ = {isa = PBXFileReference; lastKnownFileType = wrapper.xcdatamodel; path = AppleJuice.xcdatamodel; sourceTree = "<group>"; };
		AFB1DBF32C2FE019008A6A2D /* PersistentController.swift */ = {isa = PBXFileReference; lastKnownFileType = sourcecode.swift; path = PersistentController.swift; sourceTree = "<group>"; };
		AFB1DBF62C2FE0B3008A6A2D /* CoreDataManager.swift */ = {isa = PBXFileReference; lastKnownFileType = sourcecode.swift; path = CoreDataManager.swift; sourceTree = "<group>"; };
		AFB1DBFC2C2FE876008A6A2D /* GoalHistoryViewModel.swift */ = {isa = PBXFileReference; lastKnownFileType = sourcecode.swift; path = GoalHistoryViewModel.swift; sourceTree = "<group>"; };
		AFB1DC292C32E6AD008A6A2D /* DailyStatusEntity+CoreDataClass.swift */ = {isa = PBXFileReference; lastKnownFileType = sourcecode.swift; path = "DailyStatusEntity+CoreDataClass.swift"; sourceTree = "<group>"; };
		AFB1DC2A2C32E6AD008A6A2D /* DailyStatusEntity+CoreDataProperties.swift */ = {isa = PBXFileReference; lastKnownFileType = sourcecode.swift; path = "DailyStatusEntity+CoreDataProperties.swift"; sourceTree = "<group>"; };
		EE008C782C4E759E009933CA /* WatchAppleJuice Watch App.entitlements */ = {isa = PBXFileReference; lastKnownFileType = text.plist.entitlements; path = "WatchAppleJuice Watch App.entitlements"; sourceTree = "<group>"; };
		EE008C792C4E75AA009933CA /* AppleJuice.entitlements */ = {isa = PBXFileReference; lastKnownFileType = text.plist.entitlements; path = AppleJuice.entitlements; sourceTree = "<group>"; };
		EE3204512C567CDC009B9E3A /* WalkingLevel.swift */ = {isa = PBXFileReference; lastKnownFileType = sourcecode.swift; path = WalkingLevel.swift; sourceTree = "<group>"; };
		EE3204532C5680C5009B9E3A /* BackgroundView.swift */ = {isa = PBXFileReference; lastKnownFileType = sourcecode.swift; path = BackgroundView.swift; sourceTree = "<group>"; };
		EEEC6BC02C567799006E4246 /* Extensions.swift */ = {isa = PBXFileReference; lastKnownFileType = sourcecode.swift; path = Extensions.swift; sourceTree = "<group>"; };
/* End PBXFileReference section */

/* Begin PBXFrameworksBuildPhase section */
		AFB1DB6F2C294FB8008A6A2D /* Frameworks */ = {
			isa = PBXFrameworksBuildPhase;
			buildActionMask = 2147483647;
			files = (
				AF7215312C44CE89007763C6 /* WatchConnectivity.framework in Frameworks */,
			);
			runOnlyForDeploymentPostprocessing = 0;
		};
		AFB1DB842C295987008A6A2D /* Frameworks */ = {
			isa = PBXFrameworksBuildPhase;
			buildActionMask = 2147483647;
			files = (
				AF72152F2C44CE80007763C6 /* WatchConnectivity.framework in Frameworks */,
			);
			runOnlyForDeploymentPostprocessing = 0;
		};
/* End PBXFrameworksBuildPhase section */

/* Begin PBXGroup section */
		AF72152D2C44CE7F007763C6 /* Frameworks */ = {
			isa = PBXGroup;
			children = (
				AF7215302C44CE89007763C6 /* WatchConnectivity.framework */,
				AF72152E2C44CE80007763C6 /* WatchConnectivity.framework */,
			);
			name = Frameworks;
			sourceTree = "<group>";
		};
		AFB1DB692C294FB8008A6A2D = {
			isa = PBXGroup;
			children = (
				AFB1DB742C294FB8008A6A2D /* AppleJuice */,
				AFB1DB882C295987008A6A2D /* WatchAppleJuice Watch App */,
				AFB1DB732C294FB8008A6A2D /* Products */,
				AF72152D2C44CE7F007763C6 /* Frameworks */,
			);
			sourceTree = "<group>";
		};
		AFB1DB732C294FB8008A6A2D /* Products */ = {
			isa = PBXGroup;
			children = (
				AFB1DB722C294FB8008A6A2D /* AppleJuice.app */,
				AFB1DB872C295987008A6A2D /* WatchAppleJuice Watch App.app */,
			);
			name = Products;
			sourceTree = "<group>";
		};
		AFB1DB742C294FB8008A6A2D /* AppleJuice */ = {
			isa = PBXGroup;
			children = (
				EE008C792C4E75AA009933CA /* AppleJuice.entitlements */,
				AFB1DBEF2C2FDEE1008A6A2D /* AppleJuice.xcdatamodeld */,
				AFB1DBEE2C2FDE78008A6A2D /* CoreData */,
				AFB1DBC82C2EE5F1008A6A2D /* Manager */,
				AFB1DBC72C2EE55F008A6A2D /* View */,
				AFB1DBC62C2EE554008A6A2D /* ViewModel */,
				AFB1DBC52C2EE54B008A6A2D /* Model */,
				AFB1DB752C294FB8008A6A2D /* AppleJuiceApp.swift */,
				AF7215362C44D433007763C6 /* AppDelegate.swift */,
				AFB1DB792C294FB9008A6A2D /* Assets.xcassets */,
				AFB1DB7B2C294FB9008A6A2D /* Preview Content */,
			);
			path = AppleJuice;
			sourceTree = "<group>";
		};
		AFB1DB7B2C294FB9008A6A2D /* Preview Content */ = {
			isa = PBXGroup;
			children = (
				AFB1DB7C2C294FB9008A6A2D /* Preview Assets.xcassets */,
			);
			path = "Preview Content";
			sourceTree = "<group>";
		};
		AFB1DB882C295987008A6A2D /* WatchAppleJuice Watch App */ = {
			isa = PBXGroup;
			children = (
				EEEC6BBF2C56778B006E4246 /* Tools */,
				EE008C7A2C4E85E3009933CA /* Manager */,
				EE008C782C4E759E009933CA /* WatchAppleJuice Watch App.entitlements */,
				AFB1DBE92C2FAB0F008A6A2D /* ViewModel */,
				AFB1DBDE2C2F038B008A6A2D /* Model */,
				AFB1DBD92C2EFF6D008A6A2D /* View */,
				AFB1DB892C295987008A6A2D /* WatchAppleJuiceApp.swift */,
				AFB1DB8D2C295988008A6A2D /* Assets.xcassets */,
				AFB1DB8F2C295988008A6A2D /* Preview Content */,
			);
			path = "WatchAppleJuice Watch App";
			sourceTree = "<group>";
		};
		AFB1DB8F2C295988008A6A2D /* Preview Content */ = {
			isa = PBXGroup;
			children = (
				AFB1DB902C295988008A6A2D /* Preview Assets.xcassets */,
			);
			path = "Preview Content";
			sourceTree = "<group>";
		};
		AFB1DBC52C2EE54B008A6A2D /* Model */ = {
			isa = PBXGroup;
			children = (
				AFB1DC292C32E6AD008A6A2D /* DailyStatusEntity+CoreDataClass.swift */,
				AFB1DC2A2C32E6AD008A6A2D /* DailyStatusEntity+CoreDataProperties.swift */,
				AFB1DBD22C2EF44C008A6A2D /* DailyStatus.swift */,
			);
			path = Model;
			sourceTree = "<group>";
		};
		AFB1DBC62C2EE554008A6A2D /* ViewModel */ = {
			isa = PBXGroup;
			children = (
				AFB1DBFC2C2FE876008A6A2D /* GoalHistoryViewModel.swift */,
			);
			path = ViewModel;
			sourceTree = "<group>";
		};
		AFB1DBC72C2EE55F008A6A2D /* View */ = {
			isa = PBXGroup;
			children = (
				AFB1DB772C294FB8008A6A2D /* GoalHistoryView.swift */,
			);
			path = View;
			sourceTree = "<group>";
		};
		AFB1DBC82C2EE5F1008A6A2D /* Manager */ = {
			isa = PBXGroup;
			children = (
				AFB1DBF62C2FE0B3008A6A2D /* CoreDataManager.swift */,
				AF7215322C44CF09007763C6 /* ConnectivityProvider.swift */,
			);
			path = Manager;
			sourceTree = "<group>";
		};
		AFB1DBD92C2EFF6D008A6A2D /* View */ = {
			isa = PBXGroup;
			children = (
				AFB1DB8B2C295987008A6A2D /* MainView.swift */,
				AFB1DBDA2C2F0332008A6A2D /* InteractionView.swift */,
				EE3204532C5680C5009B9E3A /* BackgroundView.swift */,
			);
			path = View;
			sourceTree = "<group>";
		};
		AFB1DBDE2C2F038B008A6A2D /* Model */ = {
			isa = PBXGroup;
			children = (
				AFB1DBDF2C2F03A6008A6A2D /* InteractionType.swift */,
				EE3204512C567CDC009B9E3A /* WalkingLevel.swift */,
			);
			path = Model;
			sourceTree = "<group>";
		};
		AFB1DBE92C2FAB0F008A6A2D /* ViewModel */ = {
			isa = PBXGroup;
			children = (
				AFB1DBEA2C2FAB24008A6A2D /* InteractionViewModel.swift */,
				AFB1DBEC2C2FDAFC008A6A2D /* MainViewModel.swift */,
				AF7215342C44D022007763C6 /* ConnectivityProvider.swift */,
			);
			path = ViewModel;
			sourceTree = "<group>";
		};
		AFB1DBEE2C2FDE78008A6A2D /* CoreData */ = {
			isa = PBXGroup;
			children = (
				AFB1DBF32C2FE019008A6A2D /* PersistentController.swift */,
			);
			path = CoreData;
			sourceTree = "<group>";
		};
		EE008C7A2C4E85E3009933CA /* Manager */ = {
			isa = PBXGroup;
			children = (
				AFB1DBD52C2EF810008A6A2D /* StepsManager.swift */,
			);
			path = Manager;
			sourceTree = "<group>";
		};
		EEEC6BBF2C56778B006E4246 /* Tools */ = {
			isa = PBXGroup;
			children = (
				EEEC6BC02C567799006E4246 /* Extensions.swift */,
			);
			path = Tools;
			sourceTree = "<group>";
		};
/* End PBXGroup section */

/* Begin PBXNativeTarget section */
		AFB1DB712C294FB8008A6A2D /* AppleJuice */ = {
			isa = PBXNativeTarget;
			buildConfigurationList = AFB1DB802C294FB9008A6A2D /* Build configuration list for PBXNativeTarget "AppleJuice" */;
			buildPhases = (
				AFB1DB6E2C294FB8008A6A2D /* Sources */,
				AFB1DB6F2C294FB8008A6A2D /* Frameworks */,
				AFB1DB702C294FB8008A6A2D /* Resources */,
				AFB1DB982C295988008A6A2D /* Embed Watch Content */,
			);
			buildRules = (
			);
			dependencies = (
				AFB1DB932C295988008A6A2D /* PBXTargetDependency */,
			);
			name = AppleJuice;
			productName = AppleJuice;
			productReference = AFB1DB722C294FB8008A6A2D /* AppleJuice.app */;
			productType = "com.apple.product-type.application";
		};
		AFB1DB862C295987008A6A2D /* WatchAppleJuice Watch App */ = {
			isa = PBXNativeTarget;
			buildConfigurationList = AFB1DB952C295988008A6A2D /* Build configuration list for PBXNativeTarget "WatchAppleJuice Watch App" */;
			buildPhases = (
				AFB1DB832C295987008A6A2D /* Sources */,
				AFB1DB842C295987008A6A2D /* Frameworks */,
				AFB1DB852C295987008A6A2D /* Resources */,
			);
			buildRules = (
			);
			dependencies = (
			);
			name = "WatchAppleJuice Watch App";
			productName = "WatchAppleJuice Watch App";
			productReference = AFB1DB872C295987008A6A2D /* WatchAppleJuice Watch App.app */;
			productType = "com.apple.product-type.application";
		};
/* End PBXNativeTarget section */

/* Begin PBXProject section */
		AFB1DB6A2C294FB8008A6A2D /* Project object */ = {
			isa = PBXProject;
			attributes = {
				BuildIndependentTargetsInParallel = 1;
				LastSwiftUpdateCheck = 1540;
				LastUpgradeCheck = 1540;
				TargetAttributes = {
					AFB1DB712C294FB8008A6A2D = {
						CreatedOnToolsVersion = 15.4;
					};
					AFB1DB862C295987008A6A2D = {
						CreatedOnToolsVersion = 15.4;
					};
				};
			};
			buildConfigurationList = AFB1DB6D2C294FB8008A6A2D /* Build configuration list for PBXProject "AppleJuice" */;
			compatibilityVersion = "Xcode 14.0";
			developmentRegion = en;
			hasScannedForEncodings = 0;
			knownRegions = (
				en,
				Base,
			);
			mainGroup = AFB1DB692C294FB8008A6A2D;
			productRefGroup = AFB1DB732C294FB8008A6A2D /* Products */;
			projectDirPath = "";
			projectRoot = "";
			targets = (
				AFB1DB712C294FB8008A6A2D /* AppleJuice */,
				AFB1DB862C295987008A6A2D /* WatchAppleJuice Watch App */,
			);
		};
/* End PBXProject section */

/* Begin PBXResourcesBuildPhase section */
		AFB1DB702C294FB8008A6A2D /* Resources */ = {
			isa = PBXResourcesBuildPhase;
			buildActionMask = 2147483647;
			files = (
				AFB1DB7D2C294FB9008A6A2D /* Preview Assets.xcassets in Resources */,
				AFB1DB7A2C294FB9008A6A2D /* Assets.xcassets in Resources */,
			);
			runOnlyForDeploymentPostprocessing = 0;
		};
		AFB1DB852C295987008A6A2D /* Resources */ = {
			isa = PBXResourcesBuildPhase;
			buildActionMask = 2147483647;
			files = (
				AFB1DB912C295988008A6A2D /* Preview Assets.xcassets in Resources */,
				AFB1DB8E2C295988008A6A2D /* Assets.xcassets in Resources */,
			);
			runOnlyForDeploymentPostprocessing = 0;
		};
/* End PBXResourcesBuildPhase section */

/* Begin PBXSourcesBuildPhase section */
		AFB1DB6E2C294FB8008A6A2D /* Sources */ = {
			isa = PBXSourcesBuildPhase;
			buildActionMask = 2147483647;
			files = (
				AFB1DC2B2C32E6AD008A6A2D /* DailyStatusEntity+CoreDataClass.swift in Sources */,
				AFB1DC2C2C32E6AD008A6A2D /* DailyStatusEntity+CoreDataProperties.swift in Sources */,
				AF7215372C44D433007763C6 /* AppDelegate.swift in Sources */,
				AFB1DBF42C2FE019008A6A2D /* PersistentController.swift in Sources */,
				AFB1DBFD2C2FE876008A6A2D /* GoalHistoryViewModel.swift in Sources */,
				AFB1DBF12C2FDEE2008A6A2D /* AppleJuice.xcdatamodeld in Sources */,
				AFB1DBD32C2EF44C008A6A2D /* DailyStatus.swift in Sources */,
				AFB1DB782C294FB8008A6A2D /* GoalHistoryView.swift in Sources */,
				AFB1DB762C294FB8008A6A2D /* AppleJuiceApp.swift in Sources */,
				AF7215332C44CF09007763C6 /* ConnectivityProvider.swift in Sources */,
				AFB1DBF72C2FE0B3008A6A2D /* CoreDataManager.swift in Sources */,
				AFB1DBD62C2EF810008A6A2D /* StepsManager.swift in Sources */,
			);
			runOnlyForDeploymentPostprocessing = 0;
		};
		AFB1DB832C295987008A6A2D /* Sources */ = {
			isa = PBXSourcesBuildPhase;
			buildActionMask = 2147483647;
			files = (
				EE3204542C5680C5009B9E3A /* BackgroundView.swift in Sources */,
				AFB1DBF22C2FDEE2008A6A2D /* AppleJuice.xcdatamodeld in Sources */,
				AFB1DBD42C2EF44C008A6A2D /* DailyStatus.swift in Sources */,
				AFB1DB8C2C295987008A6A2D /* MainView.swift in Sources */,
				AFB1DC2D2C32E6AD008A6A2D /* DailyStatusEntity+CoreDataClass.swift in Sources */,
				AFB1DC2E2C32E6AD008A6A2D /* DailyStatusEntity+CoreDataProperties.swift in Sources */,
				AFB1DBDB2C2F0332008A6A2D /* InteractionView.swift in Sources */,
				AFB1DBEB2C2FAB24008A6A2D /* InteractionViewModel.swift in Sources */,
				AFB1DB8A2C295987008A6A2D /* WatchAppleJuiceApp.swift in Sources */,
				AFB1DBE02C2F03A6008A6A2D /* InteractionType.swift in Sources */,
				EEEC6BC12C567799006E4246 /* Extensions.swift in Sources */,
				EE3204522C567CDC009B9E3A /* WalkingLevel.swift in Sources */,
				AFB1DBD72C2EF810008A6A2D /* StepsManager.swift in Sources */,
				AFB1DBED2C2FDAFC008A6A2D /* MainViewModel.swift in Sources */,
				AF7215352C44D022007763C6 /* ConnectivityProvider.swift in Sources */,
			);
			runOnlyForDeploymentPostprocessing = 0;
		};
/* End PBXSourcesBuildPhase section */

/* Begin PBXTargetDependency section */
		AFB1DB932C295988008A6A2D /* PBXTargetDependency */ = {
			isa = PBXTargetDependency;
			target = AFB1DB862C295987008A6A2D /* WatchAppleJuice Watch App */;
			targetProxy = AFB1DB922C295988008A6A2D /* PBXContainerItemProxy */;
		};
/* End PBXTargetDependency section */

/* Begin XCBuildConfiguration section */
		AFB1DB7E2C294FB9008A6A2D /* Debug */ = {
			isa = XCBuildConfiguration;
			buildSettings = {
				ALWAYS_SEARCH_USER_PATHS = NO;
				ASSETCATALOG_COMPILER_GENERATE_SWIFT_ASSET_SYMBOL_EXTENSIONS = YES;
				CLANG_ANALYZER_NONNULL = YES;
				CLANG_ANALYZER_NUMBER_OBJECT_CONVERSION = YES_AGGRESSIVE;
				CLANG_CXX_LANGUAGE_STANDARD = "gnu++20";
				CLANG_ENABLE_MODULES = YES;
				CLANG_ENABLE_OBJC_ARC = YES;
				CLANG_ENABLE_OBJC_WEAK = YES;
				CLANG_WARN_BLOCK_CAPTURE_AUTORELEASING = YES;
				CLANG_WARN_BOOL_CONVERSION = YES;
				CLANG_WARN_COMMA = YES;
				CLANG_WARN_CONSTANT_CONVERSION = YES;
				CLANG_WARN_DEPRECATED_OBJC_IMPLEMENTATIONS = YES;
				CLANG_WARN_DIRECT_OBJC_ISA_USAGE = YES_ERROR;
				CLANG_WARN_DOCUMENTATION_COMMENTS = YES;
				CLANG_WARN_EMPTY_BODY = YES;
				CLANG_WARN_ENUM_CONVERSION = YES;
				CLANG_WARN_INFINITE_RECURSION = YES;
				CLANG_WARN_INT_CONVERSION = YES;
				CLANG_WARN_NON_LITERAL_NULL_CONVERSION = YES;
				CLANG_WARN_OBJC_IMPLICIT_RETAIN_SELF = YES;
				CLANG_WARN_OBJC_LITERAL_CONVERSION = YES;
				CLANG_WARN_OBJC_ROOT_CLASS = YES_ERROR;
				CLANG_WARN_QUOTED_INCLUDE_IN_FRAMEWORK_HEADER = YES;
				CLANG_WARN_RANGE_LOOP_ANALYSIS = YES;
				CLANG_WARN_STRICT_PROTOTYPES = YES;
				CLANG_WARN_SUSPICIOUS_MOVE = YES;
				CLANG_WARN_UNGUARDED_AVAILABILITY = YES_AGGRESSIVE;
				CLANG_WARN_UNREACHABLE_CODE = YES;
				CLANG_WARN__DUPLICATE_METHOD_MATCH = YES;
				COPY_PHASE_STRIP = NO;
				DEBUG_INFORMATION_FORMAT = dwarf;
				ENABLE_STRICT_OBJC_MSGSEND = YES;
				ENABLE_TESTABILITY = YES;
				ENABLE_USER_SCRIPT_SANDBOXING = YES;
				GCC_C_LANGUAGE_STANDARD = gnu17;
				GCC_DYNAMIC_NO_PIC = NO;
				GCC_NO_COMMON_BLOCKS = YES;
				GCC_OPTIMIZATION_LEVEL = 0;
				GCC_PREPROCESSOR_DEFINITIONS = (
					"DEBUG=1",
					"$(inherited)",
				);
				GCC_WARN_64_TO_32_BIT_CONVERSION = YES;
				GCC_WARN_ABOUT_RETURN_TYPE = YES_ERROR;
				GCC_WARN_UNDECLARED_SELECTOR = YES;
				GCC_WARN_UNINITIALIZED_AUTOS = YES_AGGRESSIVE;
				GCC_WARN_UNUSED_FUNCTION = YES;
				GCC_WARN_UNUSED_VARIABLE = YES;
				IPHONEOS_DEPLOYMENT_TARGET = 17.5;
				LOCALIZATION_PREFERS_STRING_CATALOGS = YES;
				MTL_ENABLE_DEBUG_INFO = INCLUDE_SOURCE;
				MTL_FAST_MATH = YES;
				ONLY_ACTIVE_ARCH = YES;
				SDKROOT = iphoneos;
				SWIFT_ACTIVE_COMPILATION_CONDITIONS = "DEBUG $(inherited)";
				SWIFT_OPTIMIZATION_LEVEL = "-Onone";
			};
			name = Debug;
		};
		AFB1DB7F2C294FB9008A6A2D /* Release */ = {
			isa = XCBuildConfiguration;
			buildSettings = {
				ALWAYS_SEARCH_USER_PATHS = NO;
				ASSETCATALOG_COMPILER_GENERATE_SWIFT_ASSET_SYMBOL_EXTENSIONS = YES;
				CLANG_ANALYZER_NONNULL = YES;
				CLANG_ANALYZER_NUMBER_OBJECT_CONVERSION = YES_AGGRESSIVE;
				CLANG_CXX_LANGUAGE_STANDARD = "gnu++20";
				CLANG_ENABLE_MODULES = YES;
				CLANG_ENABLE_OBJC_ARC = YES;
				CLANG_ENABLE_OBJC_WEAK = YES;
				CLANG_WARN_BLOCK_CAPTURE_AUTORELEASING = YES;
				CLANG_WARN_BOOL_CONVERSION = YES;
				CLANG_WARN_COMMA = YES;
				CLANG_WARN_CONSTANT_CONVERSION = YES;
				CLANG_WARN_DEPRECATED_OBJC_IMPLEMENTATIONS = YES;
				CLANG_WARN_DIRECT_OBJC_ISA_USAGE = YES_ERROR;
				CLANG_WARN_DOCUMENTATION_COMMENTS = YES;
				CLANG_WARN_EMPTY_BODY = YES;
				CLANG_WARN_ENUM_CONVERSION = YES;
				CLANG_WARN_INFINITE_RECURSION = YES;
				CLANG_WARN_INT_CONVERSION = YES;
				CLANG_WARN_NON_LITERAL_NULL_CONVERSION = YES;
				CLANG_WARN_OBJC_IMPLICIT_RETAIN_SELF = YES;
				CLANG_WARN_OBJC_LITERAL_CONVERSION = YES;
				CLANG_WARN_OBJC_ROOT_CLASS = YES_ERROR;
				CLANG_WARN_QUOTED_INCLUDE_IN_FRAMEWORK_HEADER = YES;
				CLANG_WARN_RANGE_LOOP_ANALYSIS = YES;
				CLANG_WARN_STRICT_PROTOTYPES = YES;
				CLANG_WARN_SUSPICIOUS_MOVE = YES;
				CLANG_WARN_UNGUARDED_AVAILABILITY = YES_AGGRESSIVE;
				CLANG_WARN_UNREACHABLE_CODE = YES;
				CLANG_WARN__DUPLICATE_METHOD_MATCH = YES;
				COPY_PHASE_STRIP = NO;
				DEBUG_INFORMATION_FORMAT = "dwarf-with-dsym";
				ENABLE_NS_ASSERTIONS = NO;
				ENABLE_STRICT_OBJC_MSGSEND = YES;
				ENABLE_USER_SCRIPT_SANDBOXING = YES;
				GCC_C_LANGUAGE_STANDARD = gnu17;
				GCC_NO_COMMON_BLOCKS = YES;
				GCC_WARN_64_TO_32_BIT_CONVERSION = YES;
				GCC_WARN_ABOUT_RETURN_TYPE = YES_ERROR;
				GCC_WARN_UNDECLARED_SELECTOR = YES;
				GCC_WARN_UNINITIALIZED_AUTOS = YES_AGGRESSIVE;
				GCC_WARN_UNUSED_FUNCTION = YES;
				GCC_WARN_UNUSED_VARIABLE = YES;
				IPHONEOS_DEPLOYMENT_TARGET = 17.5;
				LOCALIZATION_PREFERS_STRING_CATALOGS = YES;
				MTL_ENABLE_DEBUG_INFO = NO;
				MTL_FAST_MATH = YES;
				SDKROOT = iphoneos;
				SWIFT_COMPILATION_MODE = wholemodule;
				VALIDATE_PRODUCT = YES;
			};
			name = Release;
		};
		AFB1DB812C294FB9008A6A2D /* Debug */ = {
			isa = XCBuildConfiguration;
			buildSettings = {
				ALWAYS_EMBED_SWIFT_STANDARD_LIBRARIES = YES;
				ASSETCATALOG_COMPILER_APPICON_NAME = AppIcon;
				ASSETCATALOG_COMPILER_GLOBAL_ACCENT_COLOR_NAME = AccentColor;
				CODE_SIGN_ENTITLEMENTS = AppleJuice/AppleJuice.entitlements;
				CODE_SIGN_STYLE = Automatic;
				CURRENT_PROJECT_VERSION = 1;
				DEVELOPMENT_ASSET_PATHS = "\"AppleJuice/Preview Content\"";
				DEVELOPMENT_TEAM = 6KQJH558XZ;
				ENABLE_PREVIEWS = YES;
				GENERATE_INFOPLIST_FILE = YES;
				INFOPLIST_KEY_NSHealthClinicalHealthRecordsShareUsageDescription = "\"Health Records Usage Description\"";
				INFOPLIST_KEY_NSHealthShareUsageDescription = "\"Health Share Usage Description\"";
				INFOPLIST_KEY_NSHealthUpdateUsageDescription = "\"Health Update Usage Description\"";
				INFOPLIST_KEY_UIApplicationSceneManifest_Generation = YES;
				INFOPLIST_KEY_UIApplicationSupportsIndirectInputEvents = YES;
				INFOPLIST_KEY_UILaunchScreen_Generation = YES;
				INFOPLIST_KEY_UISupportedInterfaceOrientations = UIInterfaceOrientationPortrait;
				INFOPLIST_KEY_UISupportedInterfaceOrientations_iPad = "UIInterfaceOrientationLandscapeLeft UIInterfaceOrientationLandscapeRight UIInterfaceOrientationPortrait UIInterfaceOrientationPortraitUpsideDown";
				LD_RUNPATH_SEARCH_PATHS = (
					"$(inherited)",
					"@executable_path/Frameworks",
				);
				MARKETING_VERSION = 1.0;
				PRODUCT_BUNDLE_IDENTIFIER = OneMoreThink.AppleJuice;
				PRODUCT_NAME = "$(TARGET_NAME)";
				SUPPORTED_PLATFORMS = "iphoneos iphonesimulator";
				SUPPORTS_MACCATALYST = NO;
				SUPPORTS_MAC_DESIGNED_FOR_IPHONE_IPAD = NO;
				SUPPORTS_XR_DESIGNED_FOR_IPHONE_IPAD = NO;
				SWIFT_EMIT_LOC_STRINGS = YES;
				SWIFT_VERSION = 5.0;
				TARGETED_DEVICE_FAMILY = 1;
			};
			name = Debug;
		};
		AFB1DB822C294FB9008A6A2D /* Release */ = {
			isa = XCBuildConfiguration;
			buildSettings = {
				ALWAYS_EMBED_SWIFT_STANDARD_LIBRARIES = YES;
				ASSETCATALOG_COMPILER_APPICON_NAME = AppIcon;
				ASSETCATALOG_COMPILER_GLOBAL_ACCENT_COLOR_NAME = AccentColor;
				CODE_SIGN_ENTITLEMENTS = AppleJuice/AppleJuice.entitlements;
				CODE_SIGN_STYLE = Automatic;
				CURRENT_PROJECT_VERSION = 1;
				DEVELOPMENT_ASSET_PATHS = "\"AppleJuice/Preview Content\"";
				DEVELOPMENT_TEAM = 6KQJH558XZ;
				ENABLE_PREVIEWS = YES;
				GENERATE_INFOPLIST_FILE = YES;
				INFOPLIST_KEY_NSHealthClinicalHealthRecordsShareUsageDescription = "\"Health Records Usage Description\"";
				INFOPLIST_KEY_NSHealthShareUsageDescription = "\"Health Share Usage Description\"";
				INFOPLIST_KEY_NSHealthUpdateUsageDescription = "\"Health Update Usage Description\"";
				INFOPLIST_KEY_UIApplicationSceneManifest_Generation = YES;
				INFOPLIST_KEY_UIApplicationSupportsIndirectInputEvents = YES;
				INFOPLIST_KEY_UILaunchScreen_Generation = YES;
				INFOPLIST_KEY_UISupportedInterfaceOrientations = UIInterfaceOrientationPortrait;
				INFOPLIST_KEY_UISupportedInterfaceOrientations_iPad = "UIInterfaceOrientationLandscapeLeft UIInterfaceOrientationLandscapeRight UIInterfaceOrientationPortrait UIInterfaceOrientationPortraitUpsideDown";
				LD_RUNPATH_SEARCH_PATHS = (
					"$(inherited)",
					"@executable_path/Frameworks",
				);
				MARKETING_VERSION = 1.0;
				PRODUCT_BUNDLE_IDENTIFIER = OneMoreThink.AppleJuice;
				PRODUCT_NAME = "$(TARGET_NAME)";
				SUPPORTED_PLATFORMS = "iphoneos iphonesimulator";
				SUPPORTS_MACCATALYST = NO;
				SUPPORTS_MAC_DESIGNED_FOR_IPHONE_IPAD = NO;
				SUPPORTS_XR_DESIGNED_FOR_IPHONE_IPAD = NO;
				SWIFT_EMIT_LOC_STRINGS = YES;
				SWIFT_VERSION = 5.0;
				TARGETED_DEVICE_FAMILY = 1;
			};
			name = Release;
		};
		AFB1DB962C295988008A6A2D /* Debug */ = {
			isa = XCBuildConfiguration;
			buildSettings = {
				ASSETCATALOG_COMPILER_APPICON_NAME = AppIcon;
				ASSETCATALOG_COMPILER_GLOBAL_ACCENT_COLOR_NAME = AccentColor;
				CODE_SIGN_ENTITLEMENTS = "WatchAppleJuice Watch App/WatchAppleJuice Watch App.entitlements";
				CODE_SIGN_STYLE = Automatic;
				CURRENT_PROJECT_VERSION = 1;
				DEVELOPMENT_ASSET_PATHS = "\"WatchAppleJuice Watch App/Preview Content\"";
				DEVELOPMENT_TEAM = 6KQJH558XZ;
				ENABLE_PREVIEWS = YES;
				GENERATE_INFOPLIST_FILE = YES;
				INFOPLIST_KEY_CFBundleDisplayName = WatchAppleJuice;
				INFOPLIST_KEY_NSHealthClinicalHealthRecordsShareUsageDescription = "\"Health Records Usage Description\"";
				INFOPLIST_KEY_NSHealthShareUsageDescription = "\"Health Share Usage Description\"";
				INFOPLIST_KEY_NSHealthUpdateUsageDescription = "\"Health Update Usage Description\"";
				INFOPLIST_KEY_UISupportedInterfaceOrientations = "UIInterfaceOrientationPortrait UIInterfaceOrientationPortraitUpsideDown";
				INFOPLIST_KEY_WKCompanionAppBundleIdentifier = OneMoreThink.AppleJuice;
				LD_RUNPATH_SEARCH_PATHS = (
					"$(inherited)",
					"@executable_path/Frameworks",
				);
				MARKETING_VERSION = 1.0;
				PRODUCT_BUNDLE_IDENTIFIER = OneMoreThink.AppleJuice.watchkitapp;
				PRODUCT_NAME = "$(TARGET_NAME)";
				SDKROOT = watchos;
				SKIP_INSTALL = YES;
				SWIFT_EMIT_LOC_STRINGS = YES;
				SWIFT_VERSION = 5.0;
				TARGETED_DEVICE_FAMILY = 4;
				WATCHOS_DEPLOYMENT_TARGET = 10.5;
			};
			name = Debug;
		};
		AFB1DB972C295988008A6A2D /* Release */ = {
			isa = XCBuildConfiguration;
			buildSettings = {
				ASSETCATALOG_COMPILER_APPICON_NAME = AppIcon;
				ASSETCATALOG_COMPILER_GLOBAL_ACCENT_COLOR_NAME = AccentColor;
				CODE_SIGN_ENTITLEMENTS = "WatchAppleJuice Watch App/WatchAppleJuice Watch App.entitlements";
				CODE_SIGN_STYLE = Automatic;
				CURRENT_PROJECT_VERSION = 1;
				DEVELOPMENT_ASSET_PATHS = "\"WatchAppleJuice Watch App/Preview Content\"";
				DEVELOPMENT_TEAM = 6KQJH558XZ;
				ENABLE_PREVIEWS = YES;
				GENERATE_INFOPLIST_FILE = YES;
				INFOPLIST_KEY_CFBundleDisplayName = WatchAppleJuice;
				INFOPLIST_KEY_NSHealthClinicalHealthRecordsShareUsageDescription = "\"Health Records Usage Description\"";
				INFOPLIST_KEY_NSHealthShareUsageDescription = "\"Health Share Usage Description\"";
				INFOPLIST_KEY_NSHealthUpdateUsageDescription = "\"Health Update Usage Description\"";
				INFOPLIST_KEY_UISupportedInterfaceOrientations = "UIInterfaceOrientationPortrait UIInterfaceOrientationPortraitUpsideDown";
				INFOPLIST_KEY_WKCompanionAppBundleIdentifier = OneMoreThink.AppleJuice;
				LD_RUNPATH_SEARCH_PATHS = (
					"$(inherited)",
					"@executable_path/Frameworks",
				);
				MARKETING_VERSION = 1.0;
				PRODUCT_BUNDLE_IDENTIFIER = OneMoreThink.AppleJuice.watchkitapp;
				PRODUCT_NAME = "$(TARGET_NAME)";
				SDKROOT = watchos;
				SKIP_INSTALL = YES;
				SWIFT_EMIT_LOC_STRINGS = YES;
				SWIFT_VERSION = 5.0;
				TARGETED_DEVICE_FAMILY = 4;
				WATCHOS_DEPLOYMENT_TARGET = 10.5;
			};
			name = Release;
		};
/* End XCBuildConfiguration section */

/* Begin XCConfigurationList section */
		AFB1DB6D2C294FB8008A6A2D /* Build configuration list for PBXProject "AppleJuice" */ = {
			isa = XCConfigurationList;
			buildConfigurations = (
				AFB1DB7E2C294FB9008A6A2D /* Debug */,
				AFB1DB7F2C294FB9008A6A2D /* Release */,
			);
			defaultConfigurationIsVisible = 0;
			defaultConfigurationName = Release;
		};
		AFB1DB802C294FB9008A6A2D /* Build configuration list for PBXNativeTarget "AppleJuice" */ = {
			isa = XCConfigurationList;
			buildConfigurations = (
				AFB1DB812C294FB9008A6A2D /* Debug */,
				AFB1DB822C294FB9008A6A2D /* Release */,
			);
			defaultConfigurationIsVisible = 0;
			defaultConfigurationName = Release;
		};
		AFB1DB952C295988008A6A2D /* Build configuration list for PBXNativeTarget "WatchAppleJuice Watch App" */ = {
			isa = XCConfigurationList;
			buildConfigurations = (
				AFB1DB962C295988008A6A2D /* Debug */,
				AFB1DB972C295988008A6A2D /* Release */,
			);
			defaultConfigurationIsVisible = 0;
			defaultConfigurationName = Release;
		};
/* End XCConfigurationList section */

/* Begin XCVersionGroup section */
		AFB1DBEF2C2FDEE1008A6A2D /* AppleJuice.xcdatamodeld */ = {
			isa = XCVersionGroup;
			children = (
				AFB1DBF02C2FDEE1008A6A2D /* AppleJuice.xcdatamodel */,
			);
			currentVersion = AFB1DBF02C2FDEE1008A6A2D /* AppleJuice.xcdatamodel */;
			name = AppleJuice.xcdatamodeld;
			path = CoreData/AppleJuice.xcdatamodeld;
			sourceTree = "<group>";
			versionGroupType = wrapper.xcdatamodel;
		};
/* End XCVersionGroup section */
	};
	rootObject = AFB1DB6A2C294FB8008A6A2D /* Project object */;
}
